
Microsoft Visual Studio Solution File, Format Version 12.00
Project("{FAE04EC0-301F-11D3-BF4B-00C04F79EFBC}") = "PBFin", "PBFin\PBFin.csproj", "{832811E0-9428-4A0E-A18F-07299F90DF5B}"
EndProject
Global
	GlobalSection(SolutionConfigurationPlatforms) = preSolution
		Debug|Any CPU = Debug|Any CPU
		Release|Any CPU = Release|Any CPU
	EndGlobalSection
	GlobalSection(ProjectConfigurationPlatforms) = postSolution
		{832811E0-9428-4A0E-A18F-07299F90DF5B}.Debug|Any CPU.ActiveCfg = Debug|Any CPU
		{832811E0-9428-4A0E-A18F-07299F90DF5B}.Debug|Any CPU.Build.0 = Debug|Any CPU
		{832811E0-9428-4A0E-A18F-07299F90DF5B}.Release|Any CPU.ActiveCfg = Release|Any CPU
		{832811E0-9428-4A0E-A18F-07299F90DF5B}.Release|Any CPU.Build.0 = Release|Any CPU
	EndGlobalSection
EndGlobal
